
Microsoft Visual Studio Solution File, Format Version 12.00
# Visual Studio Version 17
VisualStudioVersion = 17.5.33502.453
MinimumVisualStudioVersion = 10.0.40219.1
Project("{FAE04EC0-301F-11D3-BF4B-00C04F79EFBC}") = "CleanArchMVC.Domain", "CleanArchMVC.Domain\CleanArchMVC.Domain.csproj", "{472C767F-80C8-4CA6-8462-6207ABE205CC}"
EndProject
Project("{FAE04EC0-301F-11D3-BF4B-00C04F79EFBC}") = "CleanArchMVC.Application", "CleanArchMVC.Application\CleanArchMVC.Application.csproj", "{44335761-99D8-4694-9B7D-2609C7CB073E}"
EndProject
Project("{FAE04EC0-301F-11D3-BF4B-00C04F79EFBC}") = "CleanArchMVC.Infra.Data", "CleanArchMVC.Infra.Data\CleanArchMVC.Infra.Data.csproj", "{B149683A-0269-476D-AE1F-C934368BC376}"
EndProject
Project("{FAE04EC0-301F-11D3-BF4B-00C04F79EFBC}") = "CleanArchMVC.Infra.IoC", "CleanArchMVC.Infra.IoC\CleanArchMVC.Infra.IoC.csproj", "{FAD1D088-2347-48BB-9CEA-BC4BD9F54218}"
EndProject
Project("{FAE04EC0-301F-11D3-BF4B-00C04F79EFBC}") = "CleanArchMVC.WebUI", "CleanArchMVC.WebUI\CleanArchMVC.WebUI.csproj", "{50493672-1969-4E2D-B8AA-2AF7FE545A92}"
EndProject
Global
	GlobalSection(SolutionConfigurationPlatforms) = preSolution
		Debug|Any CPU = Debug|Any CPU
		Release|Any CPU = Release|Any CPU
	EndGlobalSection
	GlobalSection(ProjectConfigurationPlatforms) = postSolution
		{472C767F-80C8-4CA6-8462-6207ABE205CC}.Debug|Any CPU.ActiveCfg = Debug|Any CPU
		{472C767F-80C8-4CA6-8462-6207ABE205CC}.Debug|Any CPU.Build.0 = Debug|Any CPU
		{472C767F-80C8-4CA6-8462-6207ABE205CC}.Release|Any CPU.ActiveCfg = Release|Any CPU
		{472C767F-80C8-4CA6-8462-6207ABE205CC}.Release|Any CPU.Build.0 = Release|Any CPU
		{44335761-99D8-4694-9B7D-2609C7CB073E}.Debug|Any CPU.ActiveCfg = Debug|Any CPU
		{44335761-99D8-4694-9B7D-2609C7CB073E}.Debug|Any CPU.Build.0 = Debug|Any CPU
		{44335761-99D8-4694-9B7D-2609C7CB073E}.Release|Any CPU.ActiveCfg = Release|Any CPU
		{44335761-99D8-4694-9B7D-2609C7CB073E}.Release|Any CPU.Build.0 = Release|Any CPU
		{B149683A-0269-476D-AE1F-C934368BC376}.Debug|Any CPU.ActiveCfg = Debug|Any CPU
		{B149683A-0269-476D-AE1F-C934368BC376}.Debug|Any CPU.Build.0 = Debug|Any CPU
		{B149683A-0269-476D-AE1F-C934368BC376}.Release|Any CPU.ActiveCfg = Release|Any CPU
		{B149683A-0269-476D-AE1F-C934368BC376}.Release|Any CPU.Build.0 = Release|Any CPU
		{FAD1D088-2347-48BB-9CEA-BC4BD9F54218}.Debug|Any CPU.ActiveCfg = Debug|Any CPU
		{FAD1D088-2347-48BB-9CEA-BC4BD9F54218}.Debug|Any CPU.Build.0 = Debug|Any CPU
		{FAD1D088-2347-48BB-9CEA-BC4BD9F54218}.Release|Any CPU.ActiveCfg = Release|Any CPU
		{FAD1D088-2347-48BB-9CEA-BC4BD9F54218}.Release|Any CPU.Build.0 = Release|Any CPU
		{50493672-1969-4E2D-B8AA-2AF7FE545A92}.Debug|Any CPU.ActiveCfg = Debug|Any CPU
		{50493672-1969-4E2D-B8AA-2AF7FE545A92}.Debug|Any CPU.Build.0 = Debug|Any CPU
		{50493672-1969-4E2D-B8AA-2AF7FE545A92}.Release|Any CPU.ActiveCfg = Release|Any CPU
		{50493672-1969-4E2D-B8AA-2AF7FE545A92}.Release|Any CPU.Build.0 = Release|Any CPU
	EndGlobalSection
	GlobalSection(SolutionProperties) = preSolution
		HideSolutionNode = FALSE
	EndGlobalSection
	GlobalSection(ExtensibilityGlobals) = postSolution
		SolutionGuid = {0014B929-C40C-43C1-AD39-8F008E6C8DDF}
	EndGlobalSection
EndGlobal
